github.com/google/go-cmp v0.7.0 h1:wk8382ETsv4JYUZwIsn6YpYiWiBsYLSJiTsyBybVuN8=
github.com/google/go-cmp v0.7.0/go.mod h1:pXiqmnSA92OHEEa9HXL2W4E7lf9JzCmGVUdgjX3N/iU=
github.com/muktihari/fit v0.27.1 h1:s07/EPZ65uSaEuUeO4uzZZQ/9J5T2lnvOpTq0s9nqrQ=
github.com/muktihari/fit v0.27.1/go.mod h1:IpJBARWj43cK7uFfDGqtRkKGxtWpg4N2m+wL5RI7/no=
